
Microsoft Visual Studio Solution File, Format Version 12.00
# Visual Studio Version 17
VisualStudioVersion = 17.0.32014.148
MinimumVisualStudioVersion = 10.0.40219.1
Project("{9A19103F-16F7-4668-BE54-9A1E7A4F7556}") = "DootServer", "DootServer\DootServer.csproj", "{93F35E41-25D1-486F-A51E-141FAA4D91D7}"
EndProject
Project("{FAE04EC0-301F-11D3-BF4B-00C04F79EFBC}") = "DootClient", "DootClient\DootClient.csproj", "{759AA4FA-B269-4A6D-A405-38CEBE12E1FF}"
EndProject
Project("{FAE04EC0-301F-11D3-BF4B-00C04F79EFBC}") = "ClientExample", "ClientTest\ClientExample.csproj", "{FBA103F9-EC85-4168-B74C-B3466E918AA7}"
EndProject
Project("{D954291E-2A0B-460D-934E-DC6B0785DB48}") = "DootShared", "DootShared\DootShared.shproj", "{95AD5D83-CAA1-4E9A-A7D6-3EC735803B44}"
EndProject
Project("{FAE04EC0-301F-11D3-BF4B-00C04F79EFBC}") = "ServerExample", "ServerTest\ServerExample.csproj", "{5FA6BA93-FFF7-4D6E-8717-D4FD455F4521}"
EndProject
Project("{2150E333-8FDC-42A3-9474-1A3956D46DE8}") = "Examples", "Examples", "{0F542DF2-CE5E-4AF6-90C9-3D6CCF8D1122}"
EndProject
Global
	GlobalSection(SharedMSBuildProjectFiles) = preSolution
		DootShared\DootShared.projitems*{759aa4fa-b269-4a6d-a405-38cebe12e1ff}*SharedItemsImports = 4
		DootShared\DootShared.projitems*{93f35e41-25d1-486f-a51e-141faa4d91d7}*SharedItemsImports = 5
		DootShared\DootShared.projitems*{95ad5d83-caa1-4e9a-a7d6-3ec735803b44}*SharedItemsImports = 13
	EndGlobalSection
	GlobalSection(SolutionConfigurationPlatforms) = preSolution
		Debug|Any CPU = Debug|Any CPU
		Release|Any CPU = Release|Any CPU
	EndGlobalSection
	GlobalSection(ProjectConfigurationPlatforms) = postSolution
		{93F35E41-25D1-486F-A51E-141FAA4D91D7}.Debug|Any CPU.ActiveCfg = Debug|Any CPU
		{93F35E41-25D1-486F-A51E-141FAA4D91D7}.Debug|Any CPU.Build.0 = Debug|Any CPU
		{93F35E41-25D1-486F-A51E-141FAA4D91D7}.Release|Any CPU.ActiveCfg = Release|Any CPU
		{93F35E41-25D1-486F-A51E-141FAA4D91D7}.Release|Any CPU.Build.0 = Release|Any CPU
		{759AA4FA-B269-4A6D-A405-38CEBE12E1FF}.Debug|Any CPU.ActiveCfg = Debug|Any CPU
		{759AA4FA-B269-4A6D-A405-38CEBE12E1FF}.Debug|Any CPU.Build.0 = Debug|Any CPU
		{759AA4FA-B269-4A6D-A405-38CEBE12E1FF}.Release|Any CPU.ActiveCfg = Release|Any CPU
		{759AA4FA-B269-4A6D-A405-38CEBE12E1FF}.Release|Any CPU.Build.0 = Release|Any CPU
		{FBA103F9-EC85-4168-B74C-B3466E918AA7}.Debug|Any CPU.ActiveCfg = Debug|Any CPU
		{FBA103F9-EC85-4168-B74C-B3466E918AA7}.Debug|Any CPU.Build.0 = Debug|Any CPU
		{FBA103F9-EC85-4168-B74C-B3466E918AA7}.Release|Any CPU.ActiveCfg = Release|Any CPU
		{FBA103F9-EC85-4168-B74C-B3466E918AA7}.Release|Any CPU.Build.0 = Release|Any CPU
		{5FA6BA93-FFF7-4D6E-8717-D4FD455F4521}.Debug|Any CPU.ActiveCfg = Debug|Any CPU
		{5FA6BA93-FFF7-4D6E-8717-D4FD455F4521}.Debug|Any CPU.Build.0 = Debug|Any CPU
		{5FA6BA93-FFF7-4D6E-8717-D4FD455F4521}.Release|Any CPU.ActiveCfg = Release|Any CPU
		{5FA6BA93-FFF7-4D6E-8717-D4FD455F4521}.Release|Any CPU.Build.0 = Release|Any CPU
	EndGlobalSection
	GlobalSection(SolutionProperties) = preSolution
		HideSolutionNode = FALSE
	EndGlobalSection
	GlobalSection(NestedProjects) = preSolution
		{FBA103F9-EC85-4168-B74C-B3466E918AA7} = {0F542DF2-CE5E-4AF6-90C9-3D6CCF8D1122}
		{5FA6BA93-FFF7-4D6E-8717-D4FD455F4521} = {0F542DF2-CE5E-4AF6-90C9-3D6CCF8D1122}
	EndGlobalSection
	GlobalSection(ExtensibilityGlobals) = postSolution
		SolutionGuid = {E3A77FC5-1AE8-41FC-86EC-96E4E4FA283C}
	EndGlobalSection
EndGlobal
