
Microsoft Visual Studio Solution File, Format Version 12.00
# Visual Studio Version 17
VisualStudioVersion = 17.0.32014.148
MinimumVisualStudioVersion = 10.0.40219.1
Project("{9A19103F-16F7-4668-BE54-9A1E7A4F7556}") = "DootServer", "DootServer\DootServer.csproj", "{93F35E41-25D1-486F-A51E-141FAA4D91D7}"
EndProject
Project("{FAE04EC0-301F-11D3-BF4B-00C04F79EFBC}") = "DootClient", "DootClient\DootClient.csproj", "{759AA4FA-B269-4A6D-A405-38CEBE12E1FF}"
EndProject
Project("{FAE04EC0-301F-11D3-BF4B-00C04F79EFBC}") = "ClientExample", "ClientTest\ClientExample.csproj", "{FBA103F9-EC85-4168-B74C-B3466E918AA7}"
EndProject
Project("{9A19103F-16F7-4668-BE54-9A1E7A4F7556}") = "ServerExample", "ServerTest\ServerExample.csproj", "{5FA6BA93-FFF7-4D6E-8717-D4FD455F4521}"
EndProject
Project("{2150E333-8FDC-42A3-9474-1A3956D46DE8}") = "Examples", "Examples", "{0F542DF2-CE5E-4AF6-90C9-3D6CCF8D1122}"
EndProject
Project("{9A19103F-16F7-4668-BE54-9A1E7A4F7556}") = "DootCommon", "DootCommon\DootCommon.csproj", "{8EEDF313-568E-496E-8C0C-1653E542108C}"
EndProject
Project("{9A19103F-16F7-4668-BE54-9A1E7A4F7556}") = "DootTests", "DootTests\DootTests.csproj", "{7D6E6A34-A2EA-4DE0-92A2-454C1E3FFC3B}"
EndProject
Global
	GlobalSection(SolutionConfigurationPlatforms) = preSolution
		Debug|Any CPU = Debug|Any CPU
		Release|Any CPU = Release|Any CPU
	EndGlobalSection
	GlobalSection(ProjectConfigurationPlatforms) = postSolution
		{93F35E41-25D1-486F-A51E-141FAA4D91D7}.Debug|Any CPU.ActiveCfg = Debug|Any CPU
		{93F35E41-25D1-486F-A51E-141FAA4D91D7}.Debug|Any CPU.Build.0 = Debug|Any CPU
		{93F35E41-25D1-486F-A51E-141FAA4D91D7}.Release|Any CPU.ActiveCfg = Release|Any CPU
		{93F35E41-25D1-486F-A51E-141FAA4D91D7}.Release|Any CPU.Build.0 = Release|Any CPU
		{759AA4FA-B269-4A6D-A405-38CEBE12E1FF}.Debug|Any CPU.ActiveCfg = Debug|Any CPU
		{759AA4FA-B269-4A6D-A405-38CEBE12E1FF}.Debug|Any CPU.Build.0 = Debug|Any CPU
		{759AA4FA-B269-4A6D-A405-38CEBE12E1FF}.Release|Any CPU.ActiveCfg = Release|Any CPU
		{759AA4FA-B269-4A6D-A405-38CEBE12E1FF}.Release|Any CPU.Build.0 = Release|Any CPU
		{FBA103F9-EC85-4168-B74C-B3466E918AA7}.Debug|Any CPU.ActiveCfg = Debug|Any CPU
		{FBA103F9-EC85-4168-B74C-B3466E918AA7}.Debug|Any CPU.Build.0 = Debug|Any CPU
		{FBA103F9-EC85-4168-B74C-B3466E918AA7}.Release|Any CPU.ActiveCfg = Release|Any CPU
		{FBA103F9-EC85-4168-B74C-B3466E918AA7}.Release|Any CPU.Build.0 = Release|Any CPU
		{5FA6BA93-FFF7-4D6E-8717-D4FD455F4521}.Debug|Any CPU.ActiveCfg = Debug|Any CPU
		{5FA6BA93-FFF7-4D6E-8717-D4FD455F4521}.Debug|Any CPU.Build.0 = Debug|Any CPU
		{5FA6BA93-FFF7-4D6E-8717-D4FD455F4521}.Release|Any CPU.ActiveCfg = Release|Any CPU
		{5FA6BA93-FFF7-4D6E-8717-D4FD455F4521}.Release|Any CPU.Build.0 = Release|Any CPU
		{8EEDF313-568E-496E-8C0C-1653E542108C}.Debug|Any CPU.ActiveCfg = Debug|Any CPU
		{8EEDF313-568E-496E-8C0C-1653E542108C}.Debug|Any CPU.Build.0 = Debug|Any CPU
		{8EEDF313-568E-496E-8C0C-1653E542108C}.Release|Any CPU.ActiveCfg = Release|Any CPU
		{8EEDF313-568E-496E-8C0C-1653E542108C}.Release|Any CPU.Build.0 = Release|Any CPU
		{7D6E6A34-A2EA-4DE0-92A2-454C1E3FFC3B}.Debug|Any CPU.ActiveCfg = Debug|Any CPU
		{7D6E6A34-A2EA-4DE0-92A2-454C1E3FFC3B}.Debug|Any CPU.Build.0 = Debug|Any CPU
		{7D6E6A34-A2EA-4DE0-92A2-454C1E3FFC3B}.Release|Any CPU.ActiveCfg = Release|Any CPU
		{7D6E6A34-A2EA-4DE0-92A2-454C1E3FFC3B}.Release|Any CPU.Build.0 = Release|Any CPU
	EndGlobalSection
	GlobalSection(SolutionProperties) = preSolution
		HideSolutionNode = FALSE
	EndGlobalSection
	GlobalSection(NestedProjects) = preSolution
		{FBA103F9-EC85-4168-B74C-B3466E918AA7} = {0F542DF2-CE5E-4AF6-90C9-3D6CCF8D1122}
		{5FA6BA93-FFF7-4D6E-8717-D4FD455F4521} = {0F542DF2-CE5E-4AF6-90C9-3D6CCF8D1122}
	EndGlobalSection
	GlobalSection(ExtensibilityGlobals) = postSolution
		SolutionGuid = {E3A77FC5-1AE8-41FC-86EC-96E4E4FA283C}
	EndGlobalSection
EndGlobal
